
Microsoft Visual Studio Solution File, Format Version 12.00
# Visual Studio Version 16
VisualStudioVersion = 16.0.29613.14
MinimumVisualStudioVersion = 10.0.40219.1
Project("{9A19103F-16F7-4668-BE54-9A1E7A4F7556}") = "BlazorApp", "BlazorApp\BlazorApp.csproj", "{B3CE71D3-8361-4D73-A9D1-13E8B7DAB793}"
EndProject
Project("{9A19103F-16F7-4668-BE54-9A1E7A4F7556}") = "BlazorAppUnitTest", "BlazorAppUnitTest\BlazorAppUnitTest.csproj", "{B083C90F-AA39-4B7F-953F-CDAC5F09CBFE}"
EndProject
Project("{FAE04EC0-301F-11D3-BF4B-00C04F79EFBC}") = "BlazorAppIntegrationTests", "BlazorAppIntegrationTests\BlazorAppIntegrationTests.csproj", "{2F22BCAA-FB37-4A56-A0C3-CB3929474DA8}"
EndProject
Global
	GlobalSection(SolutionConfigurationPlatforms) = preSolution
		Debug|Any CPU = Debug|Any CPU
		Release|Any CPU = Release|Any CPU
	EndGlobalSection
	GlobalSection(ProjectConfigurationPlatforms) = postSolution
		{B3CE71D3-8361-4D73-A9D1-13E8B7DAB793}.Debug|Any CPU.ActiveCfg = Debug|Any CPU
		{B3CE71D3-8361-4D73-A9D1-13E8B7DAB793}.Debug|Any CPU.Build.0 = Debug|Any CPU
		{B3CE71D3-8361-4D73-A9D1-13E8B7DAB793}.Release|Any CPU.ActiveCfg = Release|Any CPU
		{B3CE71D3-8361-4D73-A9D1-13E8B7DAB793}.Release|Any CPU.Build.0 = Release|Any CPU
		{B083C90F-AA39-4B7F-953F-CDAC5F09CBFE}.Debug|Any CPU.ActiveCfg = Debug|Any CPU
		{B083C90F-AA39-4B7F-953F-CDAC5F09CBFE}.Debug|Any CPU.Build.0 = Debug|Any CPU
		{B083C90F-AA39-4B7F-953F-CDAC5F09CBFE}.Release|Any CPU.ActiveCfg = Release|Any CPU
		{B083C90F-AA39-4B7F-953F-CDAC5F09CBFE}.Release|Any CPU.Build.0 = Release|Any CPU
		{2F22BCAA-FB37-4A56-A0C3-CB3929474DA8}.Debug|Any CPU.ActiveCfg = Debug|Any CPU
		{2F22BCAA-FB37-4A56-A0C3-CB3929474DA8}.Debug|Any CPU.Build.0 = Debug|Any CPU
		{2F22BCAA-FB37-4A56-A0C3-CB3929474DA8}.Release|Any CPU.ActiveCfg = Release|Any CPU
		{2F22BCAA-FB37-4A56-A0C3-CB3929474DA8}.Release|Any CPU.Build.0 = Release|Any CPU
	EndGlobalSection
	GlobalSection(SolutionProperties) = preSolution
		HideSolutionNode = FALSE
	EndGlobalSection
	GlobalSection(ExtensibilityGlobals) = postSolution
		SolutionGuid = {FF9C96EA-49E7-431B-83AF-95AF2D293C1E}
	EndGlobalSection
EndGlobal
